# This file is automatically @generated by Poetry 1.8.2 and should not be changed by hand.

[[package]]
name = "infixpy"
version = "0.4.0"
description = "Infix data structures for Python"
optional = false
python-versions = "*"
files = [
    {file = "infixpy-0.4.0.tar.gz", hash = "sha256:89c0488b560fced907c8f1229d67ebb491f076d8658b54ff66aa356a396dfc6c"},
]

[metadata]
lock-version = "2.0"
python-versions = "^3.12"
content-hash = "ab3a4ccfe81622af089f1ef6d0bbfd0c3b802c25b39a7cbd0dc2b56c209b6306"
